
Microsoft Visual Studio Solution File, Format Version 11.00
# Visual C# Express 2010
Project("{FAE04EC0-301F-11D3-BF4B-00C04F79EFBC}") = "WpfApplab_10", "WpfApplab_10\WpfApplab_10.csproj", "{1E15B8AA-740E-42F9-93DB-591570A7C531}"
EndProject
Global
	GlobalSection(SolutionConfigurationPlatforms) = preSolution
		Debug|x86 = Debug|x86
		Release|x86 = Release|x86
	EndGlobalSection
	GlobalSection(ProjectConfigurationPlatforms) = postSolution
		{1E15B8AA-740E-42F9-93DB-591570A7C531}.Debug|x86.ActiveCfg = Debug|x86
		{1E15B8AA-740E-42F9-93DB-591570A7C531}.Debug|x86.Build.0 = Debug|x86
		{1E15B8AA-740E-42F9-93DB-591570A7C531}.Release|x86.ActiveCfg = Release|x86
		{1E15B8AA-740E-42F9-93DB-591570A7C531}.Release|x86.Build.0 = Release|x86
	EndGlobalSection
	GlobalSection(SolutionProperties) = preSolution
		HideSolutionNode = FALSE
	EndGlobalSection
EndGlobal
